
Microsoft Visual Studio Solution File, Format Version 12.00
# Visual Studio Version 17
VisualStudioVersion = 17.14.36109.1
MinimumVisualStudioVersion = 10.0.40219.1
Project("{2150E333-8FDC-42A3-9474-1A3956D46DE8}") = "Bootstrapper", "Bootstrapper", "{02EA681E-C7D8-13C7-8484-4AC65E1B71E8}"
EndProject
Project("{2150E333-8FDC-42A3-9474-1A3956D46DE8}") = "Modules", "Modules", "{1C11DCDE-C58C-40D3-9E64-F2092519E57D}"
EndProject
Project("{2150E333-8FDC-42A3-9474-1A3956D46DE8}") = "Shared", "Shared", "{9290C767-E298-4D5D-AA11-590A0CC51A3F}"
EndProject
Project("{FAE04EC0-301F-11D3-BF4B-00C04F79EFBC}") = "Api", "Bootstrapper\WebApplication1\Api.csproj", "{96B80E3A-69D0-4DF1-9F76-FC8319F92D2C}"
EndProject
Project("{2150E333-8FDC-42A3-9474-1A3956D46DE8}") = "Catalog", "Catalog", "{BE2DA02B-4FD6-412D-BCBA-F891B5E8FB8E}"
EndProject
Project("{2150E333-8FDC-42A3-9474-1A3956D46DE8}") = "Basket", "Basket", "{8B701804-DF7D-4C13-ACEC-917280DFD322}"
EndProject
Project("{2150E333-8FDC-42A3-9474-1A3956D46DE8}") = "Ordering", "Ordering", "{4DE1F084-E4B6-4894-B02A-71F26D284675}"
EndProject
Project("{FAE04EC0-301F-11D3-BF4B-00C04F79EFBC}") = "Catalog", "Modules\Catalog\Catalog\Catalog.csproj", "{6BF6C14A-2D1D-487B-9F53-5F3B246726BE}"
EndProject
Project("{FAE04EC0-301F-11D3-BF4B-00C04F79EFBC}") = "Basket", "Modules\Basket\Basket\Basket.csproj", "{A3681ADC-580A-4367-84D1-44B90B2D0F5E}"
EndProject
Project("{FAE04EC0-301F-11D3-BF4B-00C04F79EFBC}") = "Ordering", "Modules\Ordering\Ordering\Ordering.csproj", "{EEB23CDF-5722-4B9C-B539-53A7FA229F8D}"
EndProject
Project("{FAE04EC0-301F-11D3-BF4B-00C04F79EFBC}") = "Shared", "Shared\Shared\Shared.csproj", "{333D351A-F9C1-4A9D-AA27-AEC2B09B0E10}"
EndProject
Project("{E53339B2-1760-4266-BCC7-CA923CBCF16C}") = "docker-compose", "docker-compose.dcproj", "{81DDED9D-158B-E303-5F62-77A2896D2A5A}"
EndProject
Project("{FAE04EC0-301F-11D3-BF4B-00C04F79EFBC}") = "Catalog.Contracts", "Modules\Catalog\Catalog.Contracts\Catalog.Contracts.csproj", "{CCE46169-0789-4F16-BA0D-3F3F58005E56}"
EndProject
Project("{FAE04EC0-301F-11D3-BF4B-00C04F79EFBC}") = "Shared.Contracts", "Shared\Shared.Contracts\Shared.Contracts.csproj", "{E7127644-A2A2-4BE7-AAFB-509A43182B23}"
EndProject
Project("{FAE04EC0-301F-11D3-BF4B-00C04F79EFBC}") = "Shared.Messaging", "Shared\Shared.Messaging\Shared.Messaging.csproj", "{9026AF73-1B22-46D9-AF45-CD0D41405598}"
EndProject
Global
	GlobalSection(SolutionConfigurationPlatforms) = preSolution
		Debug|Any CPU = Debug|Any CPU
		Release|Any CPU = Release|Any CPU
	EndGlobalSection
	GlobalSection(ProjectConfigurationPlatforms) = postSolution
		{96B80E3A-69D0-4DF1-9F76-FC8319F92D2C}.Debug|Any CPU.ActiveCfg = Debug|Any CPU
		{96B80E3A-69D0-4DF1-9F76-FC8319F92D2C}.Debug|Any CPU.Build.0 = Debug|Any CPU
		{96B80E3A-69D0-4DF1-9F76-FC8319F92D2C}.Release|Any CPU.ActiveCfg = Release|Any CPU
		{96B80E3A-69D0-4DF1-9F76-FC8319F92D2C}.Release|Any CPU.Build.0 = Release|Any CPU
		{6BF6C14A-2D1D-487B-9F53-5F3B246726BE}.Debug|Any CPU.ActiveCfg = Debug|Any CPU
		{6BF6C14A-2D1D-487B-9F53-5F3B246726BE}.Debug|Any CPU.Build.0 = Debug|Any CPU
		{6BF6C14A-2D1D-487B-9F53-5F3B246726BE}.Release|Any CPU.ActiveCfg = Release|Any CPU
		{6BF6C14A-2D1D-487B-9F53-5F3B246726BE}.Release|Any CPU.Build.0 = Release|Any CPU
		{A3681ADC-580A-4367-84D1-44B90B2D0F5E}.Debug|Any CPU.ActiveCfg = Debug|Any CPU
		{A3681ADC-580A-4367-84D1-44B90B2D0F5E}.Debug|Any CPU.Build.0 = Debug|Any CPU
		{A3681ADC-580A-4367-84D1-44B90B2D0F5E}.Release|Any CPU.ActiveCfg = Release|Any CPU
		{A3681ADC-580A-4367-84D1-44B90B2D0F5E}.Release|Any CPU.Build.0 = Release|Any CPU
		{EEB23CDF-5722-4B9C-B539-53A7FA229F8D}.Debug|Any CPU.ActiveCfg = Debug|Any CPU
		{EEB23CDF-5722-4B9C-B539-53A7FA229F8D}.Debug|Any CPU.Build.0 = Debug|Any CPU
		{EEB23CDF-5722-4B9C-B539-53A7FA229F8D}.Release|Any CPU.ActiveCfg = Release|Any CPU
		{EEB23CDF-5722-4B9C-B539-53A7FA229F8D}.Release|Any CPU.Build.0 = Release|Any CPU
		{333D351A-F9C1-4A9D-AA27-AEC2B09B0E10}.Debug|Any CPU.ActiveCfg = Debug|Any CPU
		{333D351A-F9C1-4A9D-AA27-AEC2B09B0E10}.Debug|Any CPU.Build.0 = Debug|Any CPU
		{333D351A-F9C1-4A9D-AA27-AEC2B09B0E10}.Release|Any CPU.ActiveCfg = Release|Any CPU
		{333D351A-F9C1-4A9D-AA27-AEC2B09B0E10}.Release|Any CPU.Build.0 = Release|Any CPU
		{81DDED9D-158B-E303-5F62-77A2896D2A5A}.Debug|Any CPU.ActiveCfg = Debug|Any CPU
		{81DDED9D-158B-E303-5F62-77A2896D2A5A}.Debug|Any CPU.Build.0 = Debug|Any CPU
		{81DDED9D-158B-E303-5F62-77A2896D2A5A}.Release|Any CPU.ActiveCfg = Release|Any CPU
		{81DDED9D-158B-E303-5F62-77A2896D2A5A}.Release|Any CPU.Build.0 = Release|Any CPU
		{CCE46169-0789-4F16-BA0D-3F3F58005E56}.Debug|Any CPU.ActiveCfg = Debug|Any CPU
		{CCE46169-0789-4F16-BA0D-3F3F58005E56}.Debug|Any CPU.Build.0 = Debug|Any CPU
		{CCE46169-0789-4F16-BA0D-3F3F58005E56}.Release|Any CPU.ActiveCfg = Release|Any CPU
		{CCE46169-0789-4F16-BA0D-3F3F58005E56}.Release|Any CPU.Build.0 = Release|Any CPU
		{E7127644-A2A2-4BE7-AAFB-509A43182B23}.Debug|Any CPU.ActiveCfg = Debug|Any CPU
		{E7127644-A2A2-4BE7-AAFB-509A43182B23}.Debug|Any CPU.Build.0 = Debug|Any CPU
		{E7127644-A2A2-4BE7-AAFB-509A43182B23}.Release|Any CPU.ActiveCfg = Release|Any CPU
		{E7127644-A2A2-4BE7-AAFB-509A43182B23}.Release|Any CPU.Build.0 = Release|Any CPU
		{9026AF73-1B22-46D9-AF45-CD0D41405598}.Debug|Any CPU.ActiveCfg = Debug|Any CPU
		{9026AF73-1B22-46D9-AF45-CD0D41405598}.Debug|Any CPU.Build.0 = Debug|Any CPU
		{9026AF73-1B22-46D9-AF45-CD0D41405598}.Release|Any CPU.ActiveCfg = Release|Any CPU
		{9026AF73-1B22-46D9-AF45-CD0D41405598}.Release|Any CPU.Build.0 = Release|Any CPU
	EndGlobalSection
	GlobalSection(SolutionProperties) = preSolution
		HideSolutionNode = FALSE
	EndGlobalSection
	GlobalSection(NestedProjects) = preSolution
		{96B80E3A-69D0-4DF1-9F76-FC8319F92D2C} = {02EA681E-C7D8-13C7-8484-4AC65E1B71E8}
		{BE2DA02B-4FD6-412D-BCBA-F891B5E8FB8E} = {1C11DCDE-C58C-40D3-9E64-F2092519E57D}
		{8B701804-DF7D-4C13-ACEC-917280DFD322} = {1C11DCDE-C58C-40D3-9E64-F2092519E57D}
		{4DE1F084-E4B6-4894-B02A-71F26D284675} = {1C11DCDE-C58C-40D3-9E64-F2092519E57D}
		{6BF6C14A-2D1D-487B-9F53-5F3B246726BE} = {BE2DA02B-4FD6-412D-BCBA-F891B5E8FB8E}
		{A3681ADC-580A-4367-84D1-44B90B2D0F5E} = {8B701804-DF7D-4C13-ACEC-917280DFD322}
		{EEB23CDF-5722-4B9C-B539-53A7FA229F8D} = {4DE1F084-E4B6-4894-B02A-71F26D284675}
		{333D351A-F9C1-4A9D-AA27-AEC2B09B0E10} = {9290C767-E298-4D5D-AA11-590A0CC51A3F}
		{CCE46169-0789-4F16-BA0D-3F3F58005E56} = {BE2DA02B-4FD6-412D-BCBA-F891B5E8FB8E}
		{E7127644-A2A2-4BE7-AAFB-509A43182B23} = {9290C767-E298-4D5D-AA11-590A0CC51A3F}
		{9026AF73-1B22-46D9-AF45-CD0D41405598} = {9290C767-E298-4D5D-AA11-590A0CC51A3F}
	EndGlobalSection
	GlobalSection(ExtensibilityGlobals) = postSolution
		SolutionGuid = {9D8DCAC2-7FEF-4C0E-A714-9C51EA83F53A}
	EndGlobalSection
EndGlobal
